
Microsoft Visual Studio Solution File, Format Version 12.00
# Visual Studio Version 16
VisualStudioVersion = 16.0.30104.148
MinimumVisualStudioVersion = 10.0.40219.1
Project("{FAE04EC0-301F-11D3-BF4B-00C04F79EFBC}") = "Ejercicio 9 practica 3", "Ejercicio 9 practica 3\Ejercicio 9 practica 3.csproj", "{148B700A-824E-45DF-9DCD-4275207C4774}"
EndProject
Global
	GlobalSection(SolutionConfigurationPlatforms) = preSolution
		Debug|Any CPU = Debug|Any CPU
		Release|Any CPU = Release|Any CPU
	EndGlobalSection
	GlobalSection(ProjectConfigurationPlatforms) = postSolution
		{148B700A-824E-45DF-9DCD-4275207C4774}.Debug|Any CPU.ActiveCfg = Debug|Any CPU
		{148B700A-824E-45DF-9DCD-4275207C4774}.Debug|Any CPU.Build.0 = Debug|Any CPU
		{148B700A-824E-45DF-9DCD-4275207C4774}.Release|Any CPU.ActiveCfg = Release|Any CPU
		{148B700A-824E-45DF-9DCD-4275207C4774}.Release|Any CPU.Build.0 = Release|Any CPU
	EndGlobalSection
	GlobalSection(SolutionProperties) = preSolution
		HideSolutionNode = FALSE
	EndGlobalSection
	GlobalSection(ExtensibilityGlobals) = postSolution
		SolutionGuid = {49C93596-B57D-4AD6-923F-858A13616541}
	EndGlobalSection
EndGlobal
